
Microsoft Visual Studio Solution File, Format Version 12.00
# Visual Studio 15
VisualStudioVersion = 15.0.27130.2020
MinimumVisualStudioVersion = 10.0.40219.1
Project("{FAE04EC0-301F-11D3-BF4B-00C04F79EFBC}") = "Clock Widget", "Clock Widget\Clock Widget.csproj", "{E3E9D465-6F11-4B31-A1AA-CE85BCC8175E}"
EndProject
Global
	GlobalSection(SolutionConfigurationPlatforms) = preSolution
		Debug|Any CPU = Debug|Any CPU
		Release|Any CPU = Release|Any CPU
	EndGlobalSection
	GlobalSection(ProjectConfigurationPlatforms) = postSolution
		{E3E9D465-6F11-4B31-A1AA-CE85BCC8175E}.Debug|Any CPU.ActiveCfg = Debug|Any CPU
		{E3E9D465-6F11-4B31-A1AA-CE85BCC8175E}.Debug|Any CPU.Build.0 = Debug|Any CPU
		{E3E9D465-6F11-4B31-A1AA-CE85BCC8175E}.Release|Any CPU.ActiveCfg = Release|Any CPU
		{E3E9D465-6F11-4B31-A1AA-CE85BCC8175E}.Release|Any CPU.Build.0 = Release|Any CPU
	EndGlobalSection
	GlobalSection(SolutionProperties) = preSolution
		HideSolutionNode = FALSE
	EndGlobalSection
	GlobalSection(ExtensibilityGlobals) = postSolution
		SolutionGuid = {C8E877E3-8A8D-40C5-84D9-C3745940BD54}
	EndGlobalSection
EndGlobal
